
Microsoft Visual Studio Solution File, Format Version 12.00
# Visual Studio Version 17
VisualStudioVersion = 17.4.33103.184
MinimumVisualStudioVersion = 10.0.40219.1
Project("{9A19103F-16F7-4668-BE54-9A1E7A4F7556}") = "SportsStore", "SportsStore\SportsStore.csproj", "{296583AA-EFAE-4B40-9C50-5313E6BE2553}"
EndProject
Project("{9A19103F-16F7-4668-BE54-9A1E7A4F7556}") = "SportsStore.Tests", "SportsStore.Tests\SportsStore.Tests.csproj", "{B7AB3D5A-9DBD-467A-9472-758353EDACFD}"
EndProject
Global
	GlobalSection(SolutionConfigurationPlatforms) = preSolution
		Debug|Any CPU = Debug|Any CPU
		Release|Any CPU = Release|Any CPU
	EndGlobalSection
	GlobalSection(ProjectConfigurationPlatforms) = postSolution
		{296583AA-EFAE-4B40-9C50-5313E6BE2553}.Debug|Any CPU.ActiveCfg = Debug|Any CPU
		{296583AA-EFAE-4B40-9C50-5313E6BE2553}.Debug|Any CPU.Build.0 = Debug|Any CPU
		{296583AA-EFAE-4B40-9C50-5313E6BE2553}.Release|Any CPU.ActiveCfg = Release|Any CPU
		{296583AA-EFAE-4B40-9C50-5313E6BE2553}.Release|Any CPU.Build.0 = Release|Any CPU
		{B7AB3D5A-9DBD-467A-9472-758353EDACFD}.Debug|Any CPU.ActiveCfg = Debug|Any CPU
		{B7AB3D5A-9DBD-467A-9472-758353EDACFD}.Debug|Any CPU.Build.0 = Debug|Any CPU
		{B7AB3D5A-9DBD-467A-9472-758353EDACFD}.Release|Any CPU.ActiveCfg = Release|Any CPU
		{B7AB3D5A-9DBD-467A-9472-758353EDACFD}.Release|Any CPU.Build.0 = Release|Any CPU
	EndGlobalSection
	GlobalSection(SolutionProperties) = preSolution
		HideSolutionNode = FALSE
	EndGlobalSection
	GlobalSection(ExtensibilityGlobals) = postSolution
		SolutionGuid = {F1BE5AFA-E5CF-4CE0-89C3-945DEA529E63}
	EndGlobalSection
EndGlobal
